
Microsoft Visual Studio Solution File, Format Version 12.00
# Visual Studio Version 17
VisualStudioVersion = 17.0.31903.59
MinimumVisualStudioVersion = 10.0.40219.1
Project("{2150E333-8FDC-42A3-9474-1A3956D46DE8}") = "src", "src", "{827E0CD3-B72D-47B6-A68D-7590B98EB39B}"
EndProject
Project("{FAE04EC0-301F-11D3-BF4B-00C04F79EFBC}") = "TurnForge.Engine", "src\TurnForge.Engine\TurnForge.Engine.csproj", "{7672C156-DAE2-43AE-9E7D-D02EF23A52C4}"
EndProject
Project("{FAE04EC0-301F-11D3-BF4B-00C04F79EFBC}") = "TurnForge.Rules.BarelyAlive", "src\TurnForge.Rules.BarelyAlive\TurnForge.Rules.BarelyAlive.csproj", "{35037031-1B46-4DC5-9855-9A6C5B58F6A2}"
EndProject
Project("{FAE04EC0-301F-11D3-BF4B-00C04F79EFBC}") = "TurnForge.Adapters.Godot", "src\TurnForge.Adapters.Godot\TurnForge.Adapters.Godot.csproj", "{D089AF58-4E6B-4CC8-B632-B00207E04B6A}"
EndProject
Project("{FAE04EC0-301F-11D3-BF4B-00C04F79EFBC}") = "BarelyAlive.Godot", "src\BarelyAlive.Godot\BarelyAlive.Godot.csproj", "{F9F25A11-4C55-408A-AC3A-26DA1D9FF3FA}"
EndProject
Project("{2150E333-8FDC-42A3-9474-1A3956D46DE8}") = "tests", "tests", "{0AB3BF05-4346-4AA6-1389-037BE0695223}"
EndProject
Project("{FAE04EC0-301F-11D3-BF4B-00C04F79EFBC}") = "TurnForge.Engine.Tests", "tests\TurnForge.Engine.Tests\TurnForge.Engine.Tests.csproj", "{8B1112C5-177B-4DC2-BDFD-DAB68EFC917C}"
EndProject
Project("{FAE04EC0-301F-11D3-BF4B-00C04F79EFBC}") = "TurnForge.Rules.BarelyAlive.Test", "tests\TurnForge.Rules.BarelyAlive.Test\TurnForge.Rules.BarelyAlive.Test.csproj", "{27558450-9F63-4BB8-BC33-2B93009492F8}"
EndProject
Global
	GlobalSection(SolutionConfigurationPlatforms) = preSolution
		Debug|Any CPU = Debug|Any CPU
		Debug|x64 = Debug|x64
		Debug|x86 = Debug|x86
		Release|Any CPU = Release|Any CPU
		Release|x64 = Release|x64
		Release|x86 = Release|x86
	EndGlobalSection
	GlobalSection(ProjectConfigurationPlatforms) = postSolution
		{7672C156-DAE2-43AE-9E7D-D02EF23A52C4}.Debug|Any CPU.ActiveCfg = Debug|Any CPU
		{7672C156-DAE2-43AE-9E7D-D02EF23A52C4}.Debug|Any CPU.Build.0 = Debug|Any CPU
		{7672C156-DAE2-43AE-9E7D-D02EF23A52C4}.Debug|x64.ActiveCfg = Debug|Any CPU
		{7672C156-DAE2-43AE-9E7D-D02EF23A52C4}.Debug|x64.Build.0 = Debug|Any CPU
		{7672C156-DAE2-43AE-9E7D-D02EF23A52C4}.Debug|x86.ActiveCfg = Debug|Any CPU
		{7672C156-DAE2-43AE-9E7D-D02EF23A52C4}.Debug|x86.Build.0 = Debug|Any CPU
		{7672C156-DAE2-43AE-9E7D-D02EF23A52C4}.Release|Any CPU.ActiveCfg = Release|Any CPU
		{7672C156-DAE2-43AE-9E7D-D02EF23A52C4}.Release|Any CPU.Build.0 = Release|Any CPU
		{7672C156-DAE2-43AE-9E7D-D02EF23A52C4}.Release|x64.ActiveCfg = Release|Any CPU
		{7672C156-DAE2-43AE-9E7D-D02EF23A52C4}.Release|x64.Build.0 = Release|Any CPU
		{7672C156-DAE2-43AE-9E7D-D02EF23A52C4}.Release|x86.ActiveCfg = Release|Any CPU
		{7672C156-DAE2-43AE-9E7D-D02EF23A52C4}.Release|x86.Build.0 = Release|Any CPU
		{35037031-1B46-4DC5-9855-9A6C5B58F6A2}.Debug|Any CPU.ActiveCfg = Debug|Any CPU
		{35037031-1B46-4DC5-9855-9A6C5B58F6A2}.Debug|Any CPU.Build.0 = Debug|Any CPU
		{35037031-1B46-4DC5-9855-9A6C5B58F6A2}.Debug|x64.ActiveCfg = Debug|Any CPU
		{35037031-1B46-4DC5-9855-9A6C5B58F6A2}.Debug|x64.Build.0 = Debug|Any CPU
		{35037031-1B46-4DC5-9855-9A6C5B58F6A2}.Debug|x86.ActiveCfg = Debug|Any CPU
		{35037031-1B46-4DC5-9855-9A6C5B58F6A2}.Debug|x86.Build.0 = Debug|Any CPU
		{35037031-1B46-4DC5-9855-9A6C5B58F6A2}.Release|Any CPU.ActiveCfg = Release|Any CPU
		{35037031-1B46-4DC5-9855-9A6C5B58F6A2}.Release|Any CPU.Build.0 = Release|Any CPU
		{35037031-1B46-4DC5-9855-9A6C5B58F6A2}.Release|x64.ActiveCfg = Release|Any CPU
		{35037031-1B46-4DC5-9855-9A6C5B58F6A2}.Release|x64.Build.0 = Release|Any CPU
		{35037031-1B46-4DC5-9855-9A6C5B58F6A2}.Release|x86.ActiveCfg = Release|Any CPU
		{35037031-1B46-4DC5-9855-9A6C5B58F6A2}.Release|x86.Build.0 = Release|Any CPU
		{D089AF58-4E6B-4CC8-B632-B00207E04B6A}.Debug|Any CPU.ActiveCfg = Debug|Any CPU
		{D089AF58-4E6B-4CC8-B632-B00207E04B6A}.Debug|Any CPU.Build.0 = Debug|Any CPU
		{D089AF58-4E6B-4CC8-B632-B00207E04B6A}.Debug|x64.ActiveCfg = Debug|Any CPU
		{D089AF58-4E6B-4CC8-B632-B00207E04B6A}.Debug|x64.Build.0 = Debug|Any CPU
		{D089AF58-4E6B-4CC8-B632-B00207E04B6A}.Debug|x86.ActiveCfg = Debug|Any CPU
		{D089AF58-4E6B-4CC8-B632-B00207E04B6A}.Debug|x86.Build.0 = Debug|Any CPU
		{D089AF58-4E6B-4CC8-B632-B00207E04B6A}.Release|Any CPU.ActiveCfg = Release|Any CPU
		{D089AF58-4E6B-4CC8-B632-B00207E04B6A}.Release|Any CPU.Build.0 = Release|Any CPU
		{D089AF58-4E6B-4CC8-B632-B00207E04B6A}.Release|x64.ActiveCfg = Release|Any CPU
		{D089AF58-4E6B-4CC8-B632-B00207E04B6A}.Release|x64.Build.0 = Release|Any CPU
		{D089AF58-4E6B-4CC8-B632-B00207E04B6A}.Release|x86.ActiveCfg = Release|Any CPU
		{D089AF58-4E6B-4CC8-B632-B00207E04B6A}.Release|x86.Build.0 = Release|Any CPU
		{F9F25A11-4C55-408A-AC3A-26DA1D9FF3FA}.Debug|Any CPU.ActiveCfg = Debug|Any CPU
		{F9F25A11-4C55-408A-AC3A-26DA1D9FF3FA}.Debug|Any CPU.Build.0 = Debug|Any CPU
		{F9F25A11-4C55-408A-AC3A-26DA1D9FF3FA}.Debug|x64.ActiveCfg = Debug|Any CPU
		{F9F25A11-4C55-408A-AC3A-26DA1D9FF3FA}.Debug|x64.Build.0 = Debug|Any CPU
		{F9F25A11-4C55-408A-AC3A-26DA1D9FF3FA}.Debug|x86.ActiveCfg = Debug|Any CPU
		{F9F25A11-4C55-408A-AC3A-26DA1D9FF3FA}.Debug|x86.Build.0 = Debug|Any CPU
		{F9F25A11-4C55-408A-AC3A-26DA1D9FF3FA}.Release|Any CPU.ActiveCfg = Debug|Any CPU
		{F9F25A11-4C55-408A-AC3A-26DA1D9FF3FA}.Release|Any CPU.Build.0 = Debug|Any CPU
		{F9F25A11-4C55-408A-AC3A-26DA1D9FF3FA}.Release|x64.ActiveCfg = Debug|Any CPU
		{F9F25A11-4C55-408A-AC3A-26DA1D9FF3FA}.Release|x64.Build.0 = Debug|Any CPU
		{F9F25A11-4C55-408A-AC3A-26DA1D9FF3FA}.Release|x86.ActiveCfg = Debug|Any CPU
		{F9F25A11-4C55-408A-AC3A-26DA1D9FF3FA}.Release|x86.Build.0 = Debug|Any CPU
		{8B1112C5-177B-4DC2-BDFD-DAB68EFC917C}.Debug|Any CPU.ActiveCfg = Debug|Any CPU
		{8B1112C5-177B-4DC2-BDFD-DAB68EFC917C}.Debug|Any CPU.Build.0 = Debug|Any CPU
		{8B1112C5-177B-4DC2-BDFD-DAB68EFC917C}.Debug|x64.ActiveCfg = Debug|Any CPU
		{8B1112C5-177B-4DC2-BDFD-DAB68EFC917C}.Debug|x64.Build.0 = Debug|Any CPU
		{8B1112C5-177B-4DC2-BDFD-DAB68EFC917C}.Debug|x86.ActiveCfg = Debug|Any CPU
		{8B1112C5-177B-4DC2-BDFD-DAB68EFC917C}.Debug|x86.Build.0 = Debug|Any CPU
		{8B1112C5-177B-4DC2-BDFD-DAB68EFC917C}.Release|Any CPU.ActiveCfg = Release|Any CPU
		{8B1112C5-177B-4DC2-BDFD-DAB68EFC917C}.Release|Any CPU.Build.0 = Release|Any CPU
		{8B1112C5-177B-4DC2-BDFD-DAB68EFC917C}.Release|x64.ActiveCfg = Release|Any CPU
		{8B1112C5-177B-4DC2-BDFD-DAB68EFC917C}.Release|x64.Build.0 = Release|Any CPU
		{8B1112C5-177B-4DC2-BDFD-DAB68EFC917C}.Release|x86.ActiveCfg = Release|Any CPU
		{8B1112C5-177B-4DC2-BDFD-DAB68EFC917C}.Release|x86.Build.0 = Release|Any CPU
		{27558450-9F63-4BB8-BC33-2B93009492F8}.Debug|Any CPU.ActiveCfg = Debug|Any CPU
		{27558450-9F63-4BB8-BC33-2B93009492F8}.Debug|Any CPU.Build.0 = Debug|Any CPU
		{27558450-9F63-4BB8-BC33-2B93009492F8}.Debug|x64.ActiveCfg = Debug|Any CPU
		{27558450-9F63-4BB8-BC33-2B93009492F8}.Debug|x64.Build.0 = Debug|Any CPU
		{27558450-9F63-4BB8-BC33-2B93009492F8}.Debug|x86.ActiveCfg = Debug|Any CPU
		{27558450-9F63-4BB8-BC33-2B93009492F8}.Debug|x86.Build.0 = Debug|Any CPU
		{27558450-9F63-4BB8-BC33-2B93009492F8}.Release|Any CPU.ActiveCfg = Release|Any CPU
		{27558450-9F63-4BB8-BC33-2B93009492F8}.Release|Any CPU.Build.0 = Release|Any CPU
		{27558450-9F63-4BB8-BC33-2B93009492F8}.Release|x64.ActiveCfg = Release|Any CPU
		{27558450-9F63-4BB8-BC33-2B93009492F8}.Release|x64.Build.0 = Release|Any CPU
		{27558450-9F63-4BB8-BC33-2B93009492F8}.Release|x86.ActiveCfg = Release|Any CPU
		{27558450-9F63-4BB8-BC33-2B93009492F8}.Release|x86.Build.0 = Release|Any CPU
	EndGlobalSection
	GlobalSection(SolutionProperties) = preSolution
		HideSolutionNode = FALSE
	EndGlobalSection
	GlobalSection(NestedProjects) = preSolution
		{7672C156-DAE2-43AE-9E7D-D02EF23A52C4} = {827E0CD3-B72D-47B6-A68D-7590B98EB39B}
		{35037031-1B46-4DC5-9855-9A6C5B58F6A2} = {827E0CD3-B72D-47B6-A68D-7590B98EB39B}
		{D089AF58-4E6B-4CC8-B632-B00207E04B6A} = {827E0CD3-B72D-47B6-A68D-7590B98EB39B}
		{F9F25A11-4C55-408A-AC3A-26DA1D9FF3FA} = {827E0CD3-B72D-47B6-A68D-7590B98EB39B}
		{8B1112C5-177B-4DC2-BDFD-DAB68EFC917C} = {0AB3BF05-4346-4AA6-1389-037BE0695223}
		{27558450-9F63-4BB8-BC33-2B93009492F8} = {0AB3BF05-4346-4AA6-1389-037BE0695223}
	EndGlobalSection
EndGlobal
